// !$*UTF8*$!
{
	archiveVersion = 1;
	classes = {
	};
	objectVersion = 50;
	objects = {

/* Begin PBXBuildFile section */
		55F8CA2C2730FF2C00215330 /* 13_Struct_and_other_things_in_Cpp.cpp in Sources */ = {isa = PBXBuildFile; fileRef = 55F8CA292730FF2C00215330 /* 13_Struct_and_other_things_in_Cpp.cpp */; };
		55F8CA302731041F00215330 /* Dag_20_Johan_The_300_lines_of_code_samle_to_digest__walk_02.cpp in Sources */ = {isa = PBXBuildFile; fileRef = 55F8CA2F2731041F00215330 /* Dag_20_Johan_The_300_lines_of_code_samle_to_digest__walk_02.cpp */; };
/* End PBXBuildFile section */

/* Begin PBXCopyFilesBuildPhase section */
		5505964026F0CA24003CE0BE /* CopyFiles */ = {
			isa = PBXCopyFilesBuildPhase;
			buildActionMask = 2147483647;
			dstPath = /usr/share/man/man1/;
			dstSubfolderSpec = 0;
			files = (
			);
			runOnlyForDeploymentPostprocessing = 1;
		};
/* End PBXCopyFilesBuildPhase section */

/* Begin PBXFileReference section */
		5505964226F0CA24003CE0BE /* 13_Struct_and_other_things_in_Cpp */ = {isa = PBXFileReference; explicitFileType = "compiled.mach-o.executable"; includeInIndex = 0; path = 13_Struct_and_other_things_in_Cpp; sourceTree = BUILT_PRODUCTS_DIR; };
		55F8CA292730FF2C00215330 /* 13_Struct_and_other_things_in_Cpp.cpp */ = {isa = PBXFileReference; fileEncoding = 4; lastKnownFileType = sourcecode.cpp.cpp; path = 13_Struct_and_other_things_in_Cpp.cpp; sourceTree = "<group>"; };
		55F8CA2A2730FF2C00215330 /* 13_Struct_and_other_things_in_Cpp_Snippets.h */ = {isa = PBXFileReference; fileEncoding = 4; lastKnownFileType = sourcecode.c.h; path = 13_Struct_and_other_things_in_Cpp_Snippets.h; sourceTree = "<group>"; };
		55F8CA2B2730FF2C00215330 /* 13_Struct_and_other_things_in_Cpp.h */ = {isa = PBXFileReference; fileEncoding = 4; lastKnownFileType = sourcecode.c.h; path = 13_Struct_and_other_things_in_Cpp.h; sourceTree = "<group>"; };
		55F8CA2F2731041F00215330 /* Dag_20_Johan_The_300_lines_of_code_samle_to_digest__walk_02.cpp */ = {isa = PBXFileReference; fileEncoding = 4; lastKnownFileType = sourcecode.cpp.cpp; path = Dag_20_Johan_The_300_lines_of_code_samle_to_digest__walk_02.cpp; sourceTree = "<group>"; };
		55F8CA32273104F200215330 /* Dag_20_Johan_The_300_lines_of_code_samle_to_digest__walk_02.h */ = {isa = PBXFileReference; lastKnownFileType = sourcecode.c.h; path = Dag_20_Johan_The_300_lines_of_code_samle_to_digest__walk_02.h; sourceTree = "<group>"; };
		55F8CA332731050700215330 /* Dag_20_Johan_The_300_lines_of_code_samle_to_digest__walk_02.md */ = {isa = PBXFileReference; lastKnownFileType = net.daringfireball.markdown; path = Dag_20_Johan_The_300_lines_of_code_samle_to_digest__walk_02.md; sourceTree = "<group>"; };
/* End PBXFileReference section */

/* Begin PBXFrameworksBuildPhase section */
		5505963F26F0CA24003CE0BE /* Frameworks */ = {
			isa = PBXFrameworksBuildPhase;
			buildActionMask = 2147483647;
			files = (
			);
			runOnlyForDeploymentPostprocessing = 0;
		};
/* End PBXFrameworksBuildPhase section */

/* Begin PBXGroup section */
		5505964326F0CA24003CE0BE /* Products */ = {
			isa = PBXGroup;
			children = (
				5505964226F0CA24003CE0BE /* 13_Struct_and_other_things_in_Cpp */,
			);
			name = Products;
			sourceTree = "<group>";
		};
		55DA96F826F0BBF800C431A8 = {
			isa = PBXGroup;
			children = (
				55F8CA292730FF2C00215330 /* 13_Struct_and_other_things_in_Cpp.cpp */,
				55F8CA2B2730FF2C00215330 /* 13_Struct_and_other_things_in_Cpp.h */,
				55F8CA2A2730FF2C00215330 /* 13_Struct_and_other_things_in_Cpp_Snippets.h */,
				55F8CA2F2731041F00215330 /* Dag_20_Johan_The_300_lines_of_code_samle_to_digest__walk_02.cpp */,
				55F8CA32273104F200215330 /* Dag_20_Johan_The_300_lines_of_code_samle_to_digest__walk_02.h */,
				55F8CA332731050700215330 /* Dag_20_Johan_The_300_lines_of_code_samle_to_digest__walk_02.md */,
				5505964326F0CA24003CE0BE /* Products */,
			);
			sourceTree = "<group>";
		};
/* End PBXGroup section */

/* Begin PBXNativeTarget section */
		5505964126F0CA24003CE0BE /* 13_Struct_and_other_things_in_Cpp */ = {
			isa = PBXNativeTarget;
			buildConfigurationList = 5505964526F0CA24003CE0BE /* Build configuration list for PBXNativeTarget "13_Struct_and_other_things_in_Cpp" */;
			buildPhases = (
				5505963E26F0CA24003CE0BE /* Sources */,
				5505963F26F0CA24003CE0BE /* Frameworks */,
				5505964026F0CA24003CE0BE /* CopyFiles */,
			);
			buildRules = (
			);
			dependencies = (
			);
			name = 13_Struct_and_other_things_in_Cpp;
			productName = HelloWorld;
			productReference = 5505964226F0CA24003CE0BE /* 13_Struct_and_other_things_in_Cpp */;
			productType = "com.apple.product-type.tool";
		};
/* End PBXNativeTarget section */

/* Begin PBXProject section */
		55DA96F926F0BBF800C431A8 /* Project object */ = {
			isa = PBXProject;
			attributes = {
				LastUpgradeCheck = 1250;
				TargetAttributes = {
					5505964126F0CA24003CE0BE = {
						CreatedOnToolsVersion = 12.5;
					};
				};
			};
			buildConfigurationList = 55DA96FC26F0BBF800C431A8 /* Build configuration list for PBXProject "13_Struct_and_other_things_in_Cpp" */;
			compatibilityVersion = "Xcode 9.3";
			developmentRegion = en;
			hasScannedForEncodings = 0;
			knownRegions = (
				en,
				Base,
			);
			mainGroup = 55DA96F826F0BBF800C431A8;
			productRefGroup = 5505964326F0CA24003CE0BE /* Products */;
			projectDirPath = "";
			projectRoot = "";
			targets = (
				5505964126F0CA24003CE0BE /* 13_Struct_and_other_things_in_Cpp */,
			);
		};
/* End PBXProject section */

/* Begin PBXSourcesBuildPhase section */
		5505963E26F0CA24003CE0BE /* Sources */ = {
			isa = PBXSourcesBuildPhase;
			buildActionMask = 2147483647;
			files = (
				55F8CA302731041F00215330 /* Dag_20_Johan_The_300_lines_of_code_samle_to_digest__walk_02.cpp in Sources */,
				55F8CA2C2730FF2C00215330 /* 13_Struct_and_other_things_in_Cpp.cpp in Sources */,
			);
			runOnlyForDeploymentPostprocessing = 0;
		};
/* End PBXSourcesBuildPhase section */

/* Begin XCBuildConfiguration section */
		5505964626F0CA24003CE0BE /* Debug */ = {
			isa = XCBuildConfiguration;
			buildSettings = {
				ALWAYS_SEARCH_USER_PATHS = NO;
				CLANG_ANALYZER_NONNULL = YES;
				CLANG_ANALYZER_NUMBER_OBJECT_CONVERSION = YES_AGGRESSIVE;
				CLANG_CXX_LANGUAGE_STANDARD = "gnu++14";
				CLANG_CXX_LIBRARY = "libc++";
				CLANG_ENABLE_MODULES = YES;
				CLANG_ENABLE_OBJC_ARC = YES;
				CLANG_ENABLE_OBJC_WEAK = YES;
				CLANG_WARN_BLOCK_CAPTURE_AUTORELEASING = YES;
				CLANG_WARN_BOOL_CONVERSION = YES;
				CLANG_WARN_COMMA = YES;
				CLANG_WARN_CONSTANT_CONVERSION = YES;
				CLANG_WARN_DEPRECATED_OBJC_IMPLEMENTATIONS = YES;
				CLANG_WARN_DIRECT_OBJC_ISA_USAGE = YES_ERROR;
				CLANG_WARN_DOCUMENTATION_COMMENTS = YES;
				CLANG_WARN_EMPTY_BODY = YES;
				CLANG_WARN_ENUM_CONVERSION = YES;
				CLANG_WARN_INFINITE_RECURSION = YES;
				CLANG_WARN_INT_CONVERSION = YES;
				CLANG_WARN_NON_LITERAL_NULL_CONVERSION = YES;
				CLANG_WARN_OBJC_IMPLICIT_RETAIN_SELF = YES;
				CLANG_WARN_OBJC_LITERAL_CONVERSION = YES;
				CLANG_WARN_OBJC_ROOT_CLASS = YES_ERROR;
				CLANG_WARN_QUOTED_INCLUDE_IN_FRAMEWORK_HEADER = YES;
				CLANG_WARN_RANGE_LOOP_ANALYSIS = YES;
				CLANG_WARN_STRICT_PROTOTYPES = YES;
				CLANG_WARN_SUSPICIOUS_MOVE = YES;
				CLANG_WARN_UNGUARDED_AVAILABILITY = YES_AGGRESSIVE;
				CLANG_WARN_UNREACHABLE_CODE = YES;
				CLANG_WARN__DUPLICATE_METHOD_MATCH = YES;
				CODE_SIGN_STYLE = Automatic;
				COPY_PHASE_STRIP = NO;
				DEBUG_INFORMATION_FORMAT = dwarf;
				DEVELOPMENT_ASSET_PATHS = "";
				ENABLE_STRICT_OBJC_MSGSEND = YES;
				ENABLE_TESTABILITY = YES;
				GCC_C_LANGUAGE_STANDARD = gnu11;
				GCC_DYNAMIC_NO_PIC = NO;
				GCC_NO_COMMON_BLOCKS = YES;
				GCC_OPTIMIZATION_LEVEL = 0;
				GCC_PREPROCESSOR_DEFINITIONS = (
					"DEBUG=1",
					"$(inherited)",
				);
				GCC_WARN_64_TO_32_BIT_CONVERSION = YES;
				GCC_WARN_ABOUT_RETURN_TYPE = YES_ERROR;
				GCC_WARN_UNDECLARED_SELECTOR = YES;
				GCC_WARN_UNINITIALIZED_AUTOS = YES_AGGRESSIVE;
				GCC_WARN_UNUSED_FUNCTION = YES;
				GCC_WARN_UNUSED_VARIABLE = YES;
				MACOSX_DEPLOYMENT_TARGET = 10.9;
				MTL_ENABLE_DEBUG_INFO = INCLUDE_SOURCE;
				MTL_FAST_MATH = YES;
				ONLY_ACTIVE_ARCH = YES;
				PRODUCT_NAME = "$(TARGET_NAME)";
				SDKROOT = macosx;
			};
			name = Debug;
		};
		5505964726F0CA24003CE0BE /* Release */ = {
			isa = XCBuildConfiguration;
			buildSettings = {
				ALWAYS_SEARCH_USER_PATHS = NO;
				CLANG_ANALYZER_NONNULL = YES;
				CLANG_ANALYZER_NUMBER_OBJECT_CONVERSION = YES_AGGRESSIVE;
				CLANG_CXX_LANGUAGE_STANDARD = "gnu++14";
				CLANG_CXX_LIBRARY = "libc++";
				CLANG_ENABLE_MODULES = YES;
				CLANG_ENABLE_OBJC_ARC = YES;
				CLANG_ENABLE_OBJC_WEAK = YES;
				CLANG_WARN_BLOCK_CAPTURE_AUTORELEASING = YES;
				CLANG_WARN_BOOL_CONVERSION = YES;
				CLANG_WARN_COMMA = YES;
				CLANG_WARN_CONSTANT_CONVERSION = YES;
				CLANG_WARN_DEPRECATED_OBJC_IMPLEMENTATIONS = YES;
				CLANG_WARN_DIRECT_OBJC_ISA_USAGE = YES_ERROR;
				CLANG_WARN_DOCUMENTATION_COMMENTS = YES;
				CLANG_WARN_EMPTY_BODY = YES;
				CLANG_WARN_ENUM_CONVERSION = YES;
				CLANG_WARN_INFINITE_RECURSION = YES;
				CLANG_WARN_INT_CONVERSION = YES;
				CLANG_WARN_NON_LITERAL_NULL_CONVERSION = YES;
				CLANG_WARN_OBJC_IMPLICIT_RETAIN_SELF = YES;
				CLANG_WARN_OBJC_LITERAL_CONVERSION = YES;
				CLANG_WARN_OBJC_ROOT_CLASS = YES_ERROR;
				CLANG_WARN_QUOTED_INCLUDE_IN_FRAMEWORK_HEADER = YES;
				CLANG_WARN_RANGE_LOOP_ANALYSIS = YES;
				CLANG_WARN_STRICT_PROTOTYPES = YES;
				CLANG_WARN_SUSPICIOUS_MOVE = YES;
				CLANG_WARN_UNGUARDED_AVAILABILITY = YES_AGGRESSIVE;
				CLANG_WARN_UNREACHABLE_CODE = YES;
				CLANG_WARN__DUPLICATE_METHOD_MATCH = YES;
				CODE_SIGN_STYLE = Automatic;
				COPY_PHASE_STRIP = NO;
				DEBUG_INFORMATION_FORMAT = "dwarf-with-dsym";
				DEVELOPMENT_ASSET_PATHS = "";
				ENABLE_NS_ASSERTIONS = NO;
				ENABLE_STRICT_OBJC_MSGSEND = YES;
				GCC_C_LANGUAGE_STANDARD = gnu11;
				GCC_NO_COMMON_BLOCKS = YES;
				GCC_WARN_64_TO_32_BIT_CONVERSION = YES;
				GCC_WARN_ABOUT_RETURN_TYPE = YES_ERROR;
				GCC_WARN_UNDECLARED_SELECTOR = YES;
				GCC_WARN_UNINITIALIZED_AUTOS = YES_AGGRESSIVE;
				GCC_WARN_UNUSED_FUNCTION = YES;
				GCC_WARN_UNUSED_VARIABLE = YES;
				MACOSX_DEPLOYMENT_TARGET = 10.9;
				MTL_ENABLE_DEBUG_INFO = NO;
				MTL_FAST_MATH = YES;
				PRODUCT_NAME = "$(TARGET_NAME)";
				SDKROOT = macosx;
			};
			name = Release;
		};
		55DA96FD26F0BBF800C431A8 /* Debug */ = {
			isa = XCBuildConfiguration;
			buildSettings = {
				MACOSX_DEPLOYMENT_TARGET = 10.9;
			};
			name = Debug;
		};
		55DA96FE26F0BBF800C431A8 /* Release */ = {
			isa = XCBuildConfiguration;
			buildSettings = {
				MACOSX_DEPLOYMENT_TARGET = 10.9;
			};
			name = Release;
		};
/* End XCBuildConfiguration section */

/* Begin XCConfigurationList section */
		5505964526F0CA24003CE0BE /* Build configuration list for PBXNativeTarget "13_Struct_and_other_things_in_Cpp" */ = {
			isa = XCConfigurationList;
			buildConfigurations = (
				5505964626F0CA24003CE0BE /* Debug */,
				5505964726F0CA24003CE0BE /* Release */,
			);
			defaultConfigurationIsVisible = 0;
			defaultConfigurationName = Debug;
		};
		55DA96FC26F0BBF800C431A8 /* Build configuration list for PBXProject "13_Struct_and_other_things_in_Cpp" */ = {
			isa = XCConfigurationList;
			buildConfigurations = (
				55DA96FD26F0BBF800C431A8 /* Debug */,
				55DA96FE26F0BBF800C431A8 /* Release */,
			);
			defaultConfigurationIsVisible = 0;
			defaultConfigurationName = Debug;
		};
/* End XCConfigurationList section */
	};
	rootObject = 55DA96F926F0BBF800C431A8 /* Project object */;
}
